# THIS IS AN AUTOGENERATED FILE. DO NOT EDIT THIS FILE DIRECTLY.
# yarn lockfile v1


"@ampproject/remapping@^2.3.0":
  version "2.3.0"
  resolved "https://registry.yarnpkg.com/@ampproject/remapping/-/remapping-2.3.0.tgz#ed441b6fa600072520ce18b43d2c8cc8caecc7f4"
  integrity sha512-30iZtAPgz+LTIYoeivqYo853f02jBYSd5uGnGpkFV0M3xOt9aN73erkgYAmZU43x4VfqcnLxW9Kpg3R5LC4YYw==
  dependencies:
    "@jridgewell/gen-mapping" "^0.3.5"
    "@jridgewell/trace-mapping" "^0.3.24"

"@emnapi/core@^1.4.3":
  version "1.4.3"
  resolved "https://registry.yarnpkg.com/@emnapi/core/-/core-1.4.3.tgz#9ac52d2d5aea958f67e52c40a065f51de59b77d6"
  integrity sha512-4m62DuCE07lw01soJwPiBGC0nAww0Q+RY70VZ+n49yDIO13yyinhbWCeNnaob0lakDtWQzSdtNWzJeOJt2ma+g==
  dependencies:
    "@emnapi/wasi-threads" "1.0.2"
    tslib "^2.4.0"

"@emnapi/runtime@^1.4.3":
  version "1.4.3"
  resolved "https://registry.yarnpkg.com/@emnapi/runtime/-/runtime-1.4.3.tgz#c0564665c80dc81c448adac23f9dfbed6c838f7d"
  integrity sha512-pBPWdu6MLKROBX05wSNKcNb++m5Er+KQ9QkB+WVM+pW2Kx9hoSrVTnu3BdkI5eBLZoKu/J6mW/B6i6bJB2ytXQ==
  dependencies:
    tslib "^2.4.0"

"@emnapi/wasi-threads@1.0.2", "@emnapi/wasi-threads@^1.0.2":
  version "1.0.2"
  resolved "https://registry.yarnpkg.com/@emnapi/wasi-threads/-/wasi-threads-1.0.2.tgz#977f44f844eac7d6c138a415a123818c655f874c"
  integrity sha512-5n3nTJblwRi8LlXkJ9eBzu+kZR8Yxcc7ubakyQTFzPMtIhFpUBRbsnc2Dv88IZDIbCDlBiWrknhB4Lsz7mg6BA==
  dependencies:
    tslib "^2.4.0"

"@isaacs/fs-minipass@^4.0.0":
  version "4.0.1"
  resolved "https://registry.yarnpkg.com/@isaacs/fs-minipass/-/fs-minipass-4.0.1.tgz#2d59ae3ab4b38fb4270bfa23d30f8e2e86c7fe32"
  integrity sha512-wgm9Ehl2jpeqP3zw/7mo3kRHFp5MEDhqAdwy1fTGkHAwnkGOVsgpvQhL8B5n1qlb01jV3n/bI0ZfZp5lWA1k4w==
  dependencies:
    minipass "^7.0.4"

"@jridgewell/gen-mapping@^0.3.5":
  version "0.3.8"
  resolved "https://registry.yarnpkg.com/@jridgewell/gen-mapping/-/gen-mapping-0.3.8.tgz#4f0e06362e01362f823d348f1872b08f666d8142"
  integrity sha512-imAbBGkb+ebQyxKgzv5Hu2nmROxoDOXHh80evxdoXNOrvAnVx7zimzc1Oo5h9RlfV4vPXaE2iM5pOFbvOCClWA==
  dependencies:
    "@jridgewell/set-array" "^1.2.1"
    "@jridgewell/sourcemap-codec" "^1.4.10"
    "@jridgewell/trace-mapping" "^0.3.24"

"@jridgewell/resolve-uri@^3.1.0":
  version "3.1.2"
  resolved "https://registry.yarnpkg.com/@jridgewell/resolve-uri/-/resolve-uri-3.1.2.tgz#7a0ee601f60f99a20c7c7c5ff0c80388c1189bd6"
  integrity sha512-bRISgCIjP20/tbWSPWMEi54QVPRZExkuD9lJL+UIxUKtwVJA8wW1Trb1jMs1RFXo1CBTNZ/5hpC9QvmKWdopKw==

"@jridgewell/set-array@^1.2.1":
  version "1.2.1"
  resolved "https://registry.yarnpkg.com/@jridgewell/set-array/-/set-array-1.2.1.tgz#558fb6472ed16a4c850b889530e6b36438c49280"
  integrity sha512-R8gLRTZeyp03ymzP/6Lil/28tGeGEzhx1q2k703KGWRAI1VdvPIXdG70VJc2pAMw3NA6JKL5hhFu1sJX0Mnn/A==

"@jridgewell/sourcemap-codec@^1.4.10", "@jridgewell/sourcemap-codec@^1.4.14", "@jridgewell/sourcemap-codec@^1.5.0":
  version "1.5.0"
  resolved "https://registry.yarnpkg.com/@jridgewell/sourcemap-codec/-/sourcemap-codec-1.5.0.tgz#3188bcb273a414b0d215fd22a58540b989b9409a"
  integrity sha512-gv3ZRaISU3fjPAgNsriBRqGWQL6quFx04YMPW/zD8XMLsU32mhCCbfbO6KZFLjvYpCZ8zyDEgqsgf+PwPaM7GQ==

"@jridgewell/trace-mapping@^0.3.24":
  version "0.3.25"
  resolved "https://registry.yarnpkg.com/@jridgewell/trace-mapping/-/trace-mapping-0.3.25.tgz#15f190e98895f3fc23276ee14bc76b675c2e50f0"
  integrity sha512-vNk6aEwybGtawWmy/PzwnGDOjCkLWSD2wqvjGGAgOAwCGWySYXfYoxt00IJkTF+8Lb57DwOb3Aa0o9CApepiYQ==
  dependencies:
    "@jridgewell/resolve-uri" "^3.1.0"
    "@jridgewell/sourcemap-codec" "^1.4.14"

"@napi-rs/wasm-runtime@^0.2.9":
  version "0.2.10"
  resolved "https://registry.yarnpkg.com/@napi-rs/wasm-runtime/-/wasm-runtime-0.2.10.tgz#f3b7109419c6670000b2401e0c778b98afc25f84"
  integrity sha512-bCsCyeZEwVErsGmyPNSzwfwFn4OdxBj0mmv6hOFucB/k81Ojdu68RbZdxYsRQUPc9l6SU5F/cG+bXgWs3oUgsQ==
  dependencies:
    "@emnapi/core" "^1.4.3"
    "@emnapi/runtime" "^1.4.3"
    "@tybys/wasm-util" "^0.9.0"

"@playcanvas/react@^0.4.0":
  version "0.4.0"
  resolved "https://registry.yarnpkg.com/@playcanvas/react/-/react-0.4.0.tgz#92d308726fd1bfadb828e83f8f834e6bfd923ff2"
  integrity sha512-5kaf2hHad2HDu029m8a8Q/JPS6T3TX3sL8gg9I2cpTqOvUTf+2PHkRSuUSJI5qjF9L6Nu/PDkZCCQSrGKEmqTQ==

"@tailwindcss/node@4.1.7":
  version "4.1.7"
  resolved "https://registry.yarnpkg.com/@tailwindcss/node/-/node-4.1.7.tgz#6d2df06c6b84a6fd8255a535b4f537c5235a37ee"
  integrity sha512-9rsOpdY9idRI2NH6CL4wORFY0+Q6fnx9XP9Ju+iq/0wJwGD5IByIgFmwVbyy4ymuyprj8Qh4ErxMKTUL4uNh3g==
  dependencies:
    "@ampproject/remapping" "^2.3.0"
    enhanced-resolve "^5.18.1"
    jiti "^2.4.2"
    lightningcss "1.30.1"
    magic-string "^0.30.17"
    source-map-js "^1.2.1"
    tailwindcss "4.1.7"

"@tailwindcss/oxide-android-arm64@4.1.7":
  version "4.1.7"
  resolved "https://registry.yarnpkg.com/@tailwindcss/oxide-android-arm64/-/oxide-android-arm64-4.1.7.tgz#3b115097b64aff6487715304ebe0bb43d7a2d42a"
  integrity sha512-IWA410JZ8fF7kACus6BrUwY2Z1t1hm0+ZWNEzykKmMNM09wQooOcN/VXr0p/WJdtHZ90PvJf2AIBS/Ceqx1emg==

"@tailwindcss/oxide-darwin-arm64@4.1.7":
  version "4.1.7"
  resolved "https://registry.yarnpkg.com/@tailwindcss/oxide-darwin-arm64/-/oxide-darwin-arm64-4.1.7.tgz#6c9d8cd3cd631a2ac0dff58a766c958cff5b0046"
  integrity sha512-81jUw9To7fimGGkuJ2W5h3/oGonTOZKZ8C2ghm/TTxbwvfSiFSDPd6/A/KE2N7Jp4mv3Ps9OFqg2fEKgZFfsvg==

"@tailwindcss/oxide-darwin-x64@4.1.7":
  version "4.1.7"
  resolved "https://registry.yarnpkg.com/@tailwindcss/oxide-darwin-x64/-/oxide-darwin-x64-4.1.7.tgz#a022b5ef006570ac8bb92128ec7fc9cc2314bdd1"
  integrity sha512-q77rWjEyGHV4PdDBtrzO0tgBBPlQWKY7wZK0cUok/HaGgbNKecegNxCGikuPJn5wFAlIywC3v+WMBt0PEBtwGw==

"@tailwindcss/oxide-freebsd-x64@4.1.7":
  version "4.1.7"
  resolved "https://registry.yarnpkg.com/@tailwindcss/oxide-freebsd-x64/-/oxide-freebsd-x64-4.1.7.tgz#efc133e6065c3c6299a981caa9c5f426e1d60e5e"
  integrity sha512-RfmdbbK6G6ptgF4qqbzoxmH+PKfP4KSVs7SRlTwcbRgBwezJkAO3Qta/7gDy10Q2DcUVkKxFLXUQO6J3CRvBGw==

"@tailwindcss/oxide-linux-arm-gnueabihf@4.1.7":
  version "4.1.7"
  resolved "https://registry.yarnpkg.com/@tailwindcss/oxide-linux-arm-gnueabihf/-/oxide-linux-arm-gnueabihf-4.1.7.tgz#7a4dc1d9636c1b1e62936bd679a8867030dc0ad6"
  integrity sha512-OZqsGvpwOa13lVd1z6JVwQXadEobmesxQ4AxhrwRiPuE04quvZHWn/LnihMg7/XkN+dTioXp/VMu/p6A5eZP3g==

"@tailwindcss/oxide-linux-arm64-gnu@4.1.7":
  version "4.1.7"
  resolved "https://registry.yarnpkg.com/@tailwindcss/oxide-linux-arm64-gnu/-/oxide-linux-arm64-gnu-4.1.7.tgz#9a0da009c37d135fe983d1093bfb6d370fe926dc"
  integrity sha512-voMvBTnJSfKecJxGkoeAyW/2XRToLZ227LxswLAwKY7YslG/Xkw9/tJNH+3IVh5bdYzYE7DfiaPbRkSHFxY1xA==

"@tailwindcss/oxide-linux-arm64-musl@4.1.7":
  version "4.1.7"
  resolved "https://registry.yarnpkg.com/@tailwindcss/oxide-linux-arm64-musl/-/oxide-linux-arm64-musl-4.1.7.tgz#ef2398b48c426148c1b9949fdbdd86d364dca10d"
  integrity sha512-PjGuNNmJeKHnP58M7XyjJyla8LPo+RmwHQpBI+W/OxqrwojyuCQ+GUtygu7jUqTEexejZHr/z3nBc/gTiXBj4A==

"@tailwindcss/oxide-linux-x64-gnu@4.1.7":
  version "4.1.7"
  resolved "https://registry.yarnpkg.com/@tailwindcss/oxide-linux-x64-gnu/-/oxide-linux-x64-gnu-4.1.7.tgz#4d36aec4c4df87f8c332526bb6874b2c36230901"
  integrity sha512-HMs+Va+ZR3gC3mLZE00gXxtBo3JoSQxtu9lobbZd+DmfkIxR54NO7Z+UQNPsa0P/ITn1TevtFxXTpsRU7qEvWg==

"@tailwindcss/oxide-linux-x64-musl@4.1.7":
  version "4.1.7"
  resolved "https://registry.yarnpkg.com/@tailwindcss/oxide-linux-x64-musl/-/oxide-linux-x64-musl-4.1.7.tgz#6e3045edc70d5156089aba0cd4a9760caa53965c"
  integrity sha512-MHZ6jyNlutdHH8rd+YTdr3QbXrHXqwIhHw9e7yXEBcQdluGwhpQY2Eku8UZK6ReLaWtQ4gijIv5QoM5eE+qlsA==

"@tailwindcss/oxide-wasm32-wasi@4.1.7":
  version "4.1.7"
  resolved "https://registry.yarnpkg.com/@tailwindcss/oxide-wasm32-wasi/-/oxide-wasm32-wasi-4.1.7.tgz#79b41b0c8da6e2f1dc5b722fe43528aa324222d5"
  integrity sha512-ANaSKt74ZRzE2TvJmUcbFQ8zS201cIPxUDm5qez5rLEwWkie2SkGtA4P+GPTj+u8N6JbPrC8MtY8RmJA35Oo+A==
  dependencies:
    "@emnapi/core" "^1.4.3"
    "@emnapi/runtime" "^1.4.3"
    "@emnapi/wasi-threads" "^1.0.2"
    "@napi-rs/wasm-runtime" "^0.2.9"
    "@tybys/wasm-util" "^0.9.0"
    tslib "^2.8.0"

"@tailwindcss/oxide-win32-arm64-msvc@4.1.7":
  version "4.1.7"
  resolved "https://registry.yarnpkg.com/@tailwindcss/oxide-win32-arm64-msvc/-/oxide-win32-arm64-msvc-4.1.7.tgz#6c695b870eb8a3f9a958d0afccc67b1b6ee7e78d"
  integrity sha512-HUiSiXQ9gLJBAPCMVRk2RT1ZrBjto7WvqsPBwUrNK2BcdSxMnk19h4pjZjI7zgPhDxlAbJSumTC4ljeA9y0tEw==

"@tailwindcss/oxide-win32-x64-msvc@4.1.7":
  version "4.1.7"
  resolved "https://registry.yarnpkg.com/@tailwindcss/oxide-win32-x64-msvc/-/oxide-win32-x64-msvc-4.1.7.tgz#012b2929f6f33ba720a48793e3dbabc34bb0212c"
  integrity sha512-rYHGmvoHiLJ8hWucSfSOEmdCBIGZIq7SpkPRSqLsH2Ab2YUNgKeAPT1Fi2cx3+hnYOrAb0jp9cRyode3bBW4mQ==

"@tailwindcss/oxide@4.1.7":
  version "4.1.7"
  resolved "https://registry.yarnpkg.com/@tailwindcss/oxide/-/oxide-4.1.7.tgz#d8370c4d524a3017a85d4f63c41ca2318770debd"
  integrity sha512-5SF95Ctm9DFiUyjUPnDGkoKItPX/k+xifcQhcqX5RA85m50jw1pT/KzjdvlqxRja45Y52nR4MR9fD1JYd7f8NQ==
  dependencies:
    detect-libc "^2.0.4"
    tar "^7.4.3"
  optionalDependencies:
    "@tailwindcss/oxide-android-arm64" "4.1.7"
    "@tailwindcss/oxide-darwin-arm64" "4.1.7"
    "@tailwindcss/oxide-darwin-x64" "4.1.7"
    "@tailwindcss/oxide-freebsd-x64" "4.1.7"
    "@tailwindcss/oxide-linux-arm-gnueabihf" "4.1.7"
    "@tailwindcss/oxide-linux-arm64-gnu" "4.1.7"
    "@tailwindcss/oxide-linux-arm64-musl" "4.1.7"
    "@tailwindcss/oxide-linux-x64-gnu" "4.1.7"
    "@tailwindcss/oxide-linux-x64-musl" "4.1.7"
    "@tailwindcss/oxide-wasm32-wasi" "4.1.7"
    "@tailwindcss/oxide-win32-arm64-msvc" "4.1.7"
    "@tailwindcss/oxide-win32-x64-msvc" "4.1.7"

"@tailwindcss/vite@^4.0.6":
  version "4.1.7"
  resolved "https://registry.yarnpkg.com/@tailwindcss/vite/-/vite-4.1.7.tgz#73fb55d2341982fb920f916e1ef6781099cf2df6"
  integrity sha512-tYa2fO3zDe41I7WqijyVbRd8oWT0aEID1Eokz5hMT6wShLIHj3yvwj9XbfuloHP9glZ6H+aG2AN/+ZrxJ1Y5RQ==
  dependencies:
    "@tailwindcss/node" "4.1.7"
    "@tailwindcss/oxide" "4.1.7"
    tailwindcss "4.1.7"

"@tanstack/query-core@5.77.0":
  version "5.77.0"
  resolved "https://registry.yarnpkg.com/@tanstack/query-core/-/query-core-5.77.0.tgz#5115cd96a5fd835f91d33e2dd4a64182d52de543"
  integrity sha512-PFeWjgMQjOsnxBwnW/TJoO0pCja2dzuMQoZ3Diho7dPz7FnTUwTrjNmdf08evrhSE5nvPIKeqV6R0fvQfmhGeg==

"@tanstack/react-query@^5.66.5":
  version "5.77.0"
  resolved "https://registry.yarnpkg.com/@tanstack/react-query/-/react-query-5.77.0.tgz#6d0f30b24bd98e9530a76789481a11b3693aa5db"
  integrity sha512-jX52ot8WxWzWnAknpRSEWj6PTR/7nkULOfoiaVPk6nKu0otwt30UMBC9PTg/m1x0uhz1g71/imwjViTm/oYHxA==
  dependencies:
    "@tanstack/query-core" "5.77.0"

"@tybys/wasm-util@^0.9.0":
  version "0.9.0"
  resolved "https://registry.yarnpkg.com/@tybys/wasm-util/-/wasm-util-0.9.0.tgz#3e75eb00604c8d6db470bf18c37b7d984a0e3355"
  integrity sha512-6+7nlbMVX/PVDCwaIQ8nTOPveOcFLSt8GcXdx8hD0bt39uWxYT88uXzqTd4fTvqta7oeUJqudepapKNt2DYJFw==
  dependencies:
    tslib "^2.4.0"

"@types/react-dom@^19.0.3":
  version "19.1.5"
  resolved "https://registry.yarnpkg.com/@types/react-dom/-/react-dom-19.1.5.tgz#cdfe2c663742887372f54804b16e8dbc26bd794a"
  integrity sha512-CMCjrWucUBZvohgZxkjd6S9h0nZxXjzus6yDfUb+xLxYM7VvjKNH1tQrE9GWLql1XoOP4/Ds3bwFqShHUYraGg==

"@types/react@^19.0.8":
  version "19.1.5"
  resolved "https://registry.yarnpkg.com/@types/react/-/react-19.1.5.tgz#9feb3bdeb506d0c79d8533b6ebdcacdbcb4756db"
  integrity sha512-piErsCVVbpMMT2r7wbawdZsq4xMvIAhQuac2gedQHysu1TZYEigE6pnFfgZT+/jQnrRuF5r+SHzuehFjfRjr4g==
  dependencies:
    csstype "^3.0.2"

"@types/webxr@^0.5.16":
  version "0.5.22"
  resolved "https://registry.yarnpkg.com/@types/webxr/-/webxr-0.5.22.tgz#d8a14c12bbfaaa4a13de21ec2d4a8197b3e1b532"
  integrity sha512-Vr6Stjv5jPRqH690f5I5GLjVk8GSsoQSYJ2FVd/3jJF7KaqfwPi3ehfBS96mlQ2kPCwZaX6U0rG2+NGHBKkA/A==

"@webgpu/types@^0.1.52":
  version "0.1.60"
  resolved "https://registry.yarnpkg.com/@webgpu/types/-/types-0.1.60.tgz#4f58e763ce060a81b03ab7ee1ad879c7024923fd"
  integrity sha512-8B/tdfRFKdrnejqmvq95ogp8tf52oZ51p3f4QD5m5Paey/qlX4Rhhy5Y8tgFMi7Ms70HzcMMw3EQjH/jdhTwlA==

base64-js@^1.3.1:
  version "1.5.1"
  resolved "https://registry.yarnpkg.com/base64-js/-/base64-js-1.5.1.tgz#1b1b440160a5bf7ad40b650f095963481903930a"
  integrity sha512-AKpaYlHn8t4SVbOHCy+b5+KKgvR4vrsD8vbvrbiQJps7fKDTkjkDry6ji0rUJjC0kzbNePLwzxq8iypo41qeWA==

bl@^4.0.3:
  version "4.1.0"
  resolved "https://registry.yarnpkg.com/bl/-/bl-4.1.0.tgz#451535264182bec2fbbc83a62ab98cf11d9f7b3a"
  integrity sha512-1W07cM9gS6DcLperZfFSj+bWLtaPGSOHWhPiGzXmvVJbRLdG82sH/Kn8EtW1VqWVA54AKf2h5k5BbnIbwF3h6w==
  dependencies:
    buffer "^5.5.0"
    inherits "^2.0.4"
    readable-stream "^3.4.0"

buffer@^5.5.0:
  version "5.7.1"
  resolved "https://registry.yarnpkg.com/buffer/-/buffer-5.7.1.tgz#ba62e7c13133053582197160851a8f648e99eed0"
  integrity sha512-EHcyIPBQ4BSGlvjB16k5KgAJ27CIsHY/2JBmCRReo48y9rQ3MaUzWX3KVlBa4U7MyX02HdVj0K7C3WaB3ju7FQ==
  dependencies:
    base64-js "^1.3.1"
    ieee754 "^1.1.13"

canvas@3.1.0:
  version "3.1.0"
  resolved "https://registry.yarnpkg.com/canvas/-/canvas-3.1.0.tgz#6cdf094b859fef8e39b0e2c386728a376f1727b2"
  integrity sha512-tTj3CqqukVJ9NgSahykNwtGda7V33VLObwrHfzT0vqJXu7J4d4C/7kQQW3fOEGDfZZoILPut5H00gOjyttPGyg==
  dependencies:
    node-addon-api "^7.0.0"
    prebuild-install "^7.1.1"

chownr@^1.1.1:
  version "1.1.4"
  resolved "https://registry.yarnpkg.com/chownr/-/chownr-1.1.4.tgz#6fc9d7b42d32a583596337666e7d08084da2cc6b"
  integrity sha512-jJ0bqzaylmJtVnNgzTeSOs8DPavpbYgEr/b0YL8/2GO3xJEhInFmhKMUnEJQjZumK7KXGFhUy89PrsJWlakBVg==

chownr@^3.0.0:
  version "3.0.0"
  resolved "https://registry.yarnpkg.com/chownr/-/chownr-3.0.0.tgz#9855e64ecd240a9cc4267ce8a4aa5d24a1da15e4"
  integrity sha512-+IxzY9BZOQd/XuYPRmrvEVjF/nqj5kgT4kEq7VofrDoM1MxoRjEWkrCC3EtLi59TVawxTAn+orJwFQcrqEN1+g==

csstype@^3.0.2:
  version "3.1.3"
  resolved "https://registry.yarnpkg.com/csstype/-/csstype-3.1.3.tgz#d80ff294d114fb0e6ac500fbf85b60137d7eff81"
  integrity sha512-M1uQkMl8rQK/szD0LNhtqxIPLpimGm8sOBwU7lLnCpSbTyY3yeU1Vc7l4KT5zT4s/yOxHH5O7tIuuLOCnLADRw==

decompress-response@^6.0.0:
  version "6.0.0"
  resolved "https://registry.yarnpkg.com/decompress-response/-/decompress-response-6.0.0.tgz#ca387612ddb7e104bd16d85aab00d5ecf09c66fc"
  integrity sha512-aW35yZM6Bb/4oJlZncMH2LCoZtJXTRxES17vE3hoRiowU2kWHaJKFkSBDnDR+cm9J+9QhXmREyIfv0pji9ejCQ==
  dependencies:
    mimic-response "^3.1.0"

deep-extend@^0.6.0:
  version "0.6.0"
  resolved "https://registry.yarnpkg.com/deep-extend/-/deep-extend-0.6.0.tgz#c4fa7c95404a17a9c3e8ca7e1537312b736330ac"
  integrity sha512-LOHxIOaPYdHlJRtCQfDIVZtfw/ufM8+rVj649RIHzcm/vGwQRXFt6OPqIFWsm2XEMrNIEtWR64sY1LEKD2vAOA==

detect-libc@^2.0.0, detect-libc@^2.0.3, detect-libc@^2.0.4:
  version "2.0.4"
  resolved "https://registry.yarnpkg.com/detect-libc/-/detect-libc-2.0.4.tgz#f04715b8ba815e53b4d8109655b6508a6865a7e8"
  integrity sha512-3UDv+G9CsCKO1WKMGw9fwq/SWJYbI0c5Y7LU1AXYoDdbhE2AHQ6N6Nb34sG8Fj7T5APy8qXDCKuuIHd1BR0tVA==

end-of-stream@^1.1.0, end-of-stream@^1.4.1:
  version "1.4.4"
  resolved "https://registry.yarnpkg.com/end-of-stream/-/end-of-stream-1.4.4.tgz#5ae64a5f45057baf3626ec14da0ca5e4b2431eb0"
  integrity sha512-+uw1inIHVPQoaVuHzRyXd21icM+cnt4CzD5rW+NC1wjOUSTOs+Te7FOv7AhN7vS9x/oIyhLP5PR1H+phQAHu5Q==
  dependencies:
    once "^1.4.0"

enhanced-resolve@^5.18.1:
  version "5.18.1"
  resolved "https://registry.yarnpkg.com/enhanced-resolve/-/enhanced-resolve-5.18.1.tgz#728ab082f8b7b6836de51f1637aab5d3b9568faf"
  integrity sha512-ZSW3ma5GkcQBIpwZTSRAI8N71Uuwgs93IezB7mf7R60tC8ZbJideoDNKjHn2O9KIlx6rkGTTEk1xUCK2E1Y2Yg==
  dependencies:
    graceful-fs "^4.2.4"
    tapable "^2.2.0"

expand-template@^2.0.3:
  version "2.0.3"
  resolved "https://registry.yarnpkg.com/expand-template/-/expand-template-2.0.3.tgz#6e14b3fcee0f3a6340ecb57d2e8918692052a47c"
  integrity sha512-XYfuKMvj4O35f/pOXLObndIRvyQ+/+6AhODh+OKWj9S9498pHHn/IMszH+gt0fBCRWMNfk1ZSp5x3AifmnI2vg==

fs-constants@^1.0.0:
  version "1.0.0"
  resolved "https://registry.yarnpkg.com/fs-constants/-/fs-constants-1.0.0.tgz#6be0de9be998ce16af8afc24497b9ee9b7ccd9ad"
  integrity sha512-y6OAwoSIf7FyjMIv94u+b5rdheZEjzR63GTyZJm5qh4Bi+2YgwLCcI/fPFZkL5PSixOt6ZNKm+w+Hfp/Bciwow==

github-from-package@0.0.0:
  version "0.0.0"
  resolved "https://registry.yarnpkg.com/github-from-package/-/github-from-package-0.0.0.tgz#97fb5d96bfde8973313f20e8288ef9a167fa64ce"
  integrity sha512-SyHy3T1v2NUXn29OsWdxmK6RwHD+vkj3v8en8AOBZ1wBQ/hCAQ5bAQTD02kW4W9tUp/3Qh6J8r9EvntiyCmOOw==

graceful-fs@^4.2.4:
  version "4.2.11"
  resolved "https://registry.yarnpkg.com/graceful-fs/-/graceful-fs-4.2.11.tgz#4183e4e8bf08bb6e05bbb2f7d2e0c8f712ca40e3"
  integrity sha512-RbJ5/jmFcNNCcDV5o9eTnBLJ/HszWV0P73bc+Ff4nS/rJj+YaS6IGyiOL0VoBYX+l1Wrl3k63h/KrH+nhJ0XvQ==

gsap@^3.13.0:
  version "3.13.0"
  resolved "https://registry.yarnpkg.com/gsap/-/gsap-3.13.0.tgz#597d4e019a2bb487785387d91296adebf92db9dd"
  integrity sha512-QL7MJ2WMjm1PHWsoFrAQH/J8wUeqZvMtHO58qdekHpCfhvhSL4gSiz6vJf5EeMP0LOn3ZCprL2ki/gjED8ghVw==

ieee754@^1.1.13:
  version "1.2.1"
  resolved "https://registry.yarnpkg.com/ieee754/-/ieee754-1.2.1.tgz#8eb7a10a63fff25d15a57b001586d177d1b0d352"
  integrity sha512-dcyqhDvX1C46lXZcVqCpK+FtMRQVdIMN6/Df5js2zouUsqG7I6sFxitIC+7KYK29KdXOLHdu9zL4sFnoVQnqaA==

inherits@^2.0.3, inherits@^2.0.4:
  version "2.0.4"
  resolved "https://registry.yarnpkg.com/inherits/-/inherits-2.0.4.tgz#0fa2c64f932917c3433a0ded55363aae37416b7c"
  integrity sha512-k/vGaX4/Yla3WzyMCvTQOXYeIHvqOKtnqBduzTHpzpQZzAskKMhZ2K+EnBiSM9zGSoIFeMpXKxa4dYeZIQqewQ==

ini@~1.3.0:
  version "1.3.8"
  resolved "https://registry.yarnpkg.com/ini/-/ini-1.3.8.tgz#a29da425b48806f34767a4efce397269af28432c"
  integrity sha512-JV/yugV2uzW5iMRSiZAyDtQd+nxtUnjeLt0acNdw98kKLrvuRVyB80tsREOE7yvGVgalhZ6RNXCmEHkUKBKxew==

jiti@^2.4.2:
  version "2.4.2"
  resolved "https://registry.yarnpkg.com/jiti/-/jiti-2.4.2.tgz#d19b7732ebb6116b06e2038da74a55366faef560"
  integrity sha512-rg9zJN+G4n2nfJl5MW3BMygZX56zKPNVEYYqq7adpmMh4Jn2QNEwhvQlFy6jPVdcod7txZtKHWnyZiA3a0zP7A==

lightningcss-darwin-arm64@1.30.1:
  version "1.30.1"
  resolved "https://registry.yarnpkg.com/lightningcss-darwin-arm64/-/lightningcss-darwin-arm64-1.30.1.tgz#3d47ce5e221b9567c703950edf2529ca4a3700ae"
  integrity sha512-c8JK7hyE65X1MHMN+Viq9n11RRC7hgin3HhYKhrMyaXflk5GVplZ60IxyoVtzILeKr+xAJwg6zK6sjTBJ0FKYQ==

lightningcss-darwin-x64@1.30.1:
  version "1.30.1"
  resolved "https://registry.yarnpkg.com/lightningcss-darwin-x64/-/lightningcss-darwin-x64-1.30.1.tgz#e81105d3fd6330860c15fe860f64d39cff5fbd22"
  integrity sha512-k1EvjakfumAQoTfcXUcHQZhSpLlkAuEkdMBsI/ivWw9hL+7FtilQc0Cy3hrx0AAQrVtQAbMI7YjCgYgvn37PzA==

lightningcss-freebsd-x64@1.30.1:
  version "1.30.1"
  resolved "https://registry.yarnpkg.com/lightningcss-freebsd-x64/-/lightningcss-freebsd-x64-1.30.1.tgz#a0e732031083ff9d625c5db021d09eb085af8be4"
  integrity sha512-kmW6UGCGg2PcyUE59K5r0kWfKPAVy4SltVeut+umLCFoJ53RdCUWxcRDzO1eTaxf/7Q2H7LTquFHPL5R+Gjyig==

lightningcss-linux-arm-gnueabihf@1.30.1:
  version "1.30.1"
  resolved "https://registry.yarnpkg.com/lightningcss-linux-arm-gnueabihf/-/lightningcss-linux-arm-gnueabihf-1.30.1.tgz#1f5ecca6095528ddb649f9304ba2560c72474908"
  integrity sha512-MjxUShl1v8pit+6D/zSPq9S9dQ2NPFSQwGvxBCYaBYLPlCWuPh9/t1MRS8iUaR8i+a6w7aps+B4N0S1TYP/R+Q==

lightningcss-linux-arm64-gnu@1.30.1:
  version "1.30.1"
  resolved "https://registry.yarnpkg.com/lightningcss-linux-arm64-gnu/-/lightningcss-linux-arm64-gnu-1.30.1.tgz#eee7799726103bffff1e88993df726f6911ec009"
  integrity sha512-gB72maP8rmrKsnKYy8XUuXi/4OctJiuQjcuqWNlJQ6jZiWqtPvqFziskH3hnajfvKB27ynbVCucKSm2rkQp4Bw==

lightningcss-linux-arm64-musl@1.30.1:
  version "1.30.1"
  resolved "https://registry.yarnpkg.com/lightningcss-linux-arm64-musl/-/lightningcss-linux-arm64-musl-1.30.1.tgz#f2e4b53f42892feeef8f620cbb889f7c064a7dfe"
  integrity sha512-jmUQVx4331m6LIX+0wUhBbmMX7TCfjF5FoOH6SD1CttzuYlGNVpA7QnrmLxrsub43ClTINfGSYyHe2HWeLl5CQ==

lightningcss-linux-x64-gnu@1.30.1:
  version "1.30.1"
  resolved "https://registry.yarnpkg.com/lightningcss-linux-x64-gnu/-/lightningcss-linux-x64-gnu-1.30.1.tgz#2fc7096224bc000ebb97eea94aea248c5b0eb157"
  integrity sha512-piWx3z4wN8J8z3+O5kO74+yr6ze/dKmPnI7vLqfSqI8bccaTGY5xiSGVIJBDd5K5BHlvVLpUB3S2YCfelyJ1bw==

lightningcss-linux-x64-musl@1.30.1:
  version "1.30.1"
  resolved "https://registry.yarnpkg.com/lightningcss-linux-x64-musl/-/lightningcss-linux-x64-musl-1.30.1.tgz#66dca2b159fd819ea832c44895d07e5b31d75f26"
  integrity sha512-rRomAK7eIkL+tHY0YPxbc5Dra2gXlI63HL+v1Pdi1a3sC+tJTcFrHX+E86sulgAXeI7rSzDYhPSeHHjqFhqfeQ==

lightningcss-win32-arm64-msvc@1.30.1:
  version "1.30.1"
  resolved "https://registry.yarnpkg.com/lightningcss-win32-arm64-msvc/-/lightningcss-win32-arm64-msvc-1.30.1.tgz#7d8110a19d7c2d22bfdf2f2bb8be68e7d1b69039"
  integrity sha512-mSL4rqPi4iXq5YVqzSsJgMVFENoa4nGTT/GjO2c0Yl9OuQfPsIfncvLrEW6RbbB24WtZ3xP/2CCmI3tNkNV4oA==

lightningcss-win32-x64-msvc@1.30.1:
  version "1.30.1"
  resolved "https://registry.yarnpkg.com/lightningcss-win32-x64-msvc/-/lightningcss-win32-x64-msvc-1.30.1.tgz#fd7dd008ea98494b85d24b4bea016793f2e0e352"
  integrity sha512-PVqXh48wh4T53F/1CCu8PIPCxLzWyCnn/9T5W1Jpmdy5h9Cwd+0YQS6/LwhHXSafuc61/xg9Lv5OrCby6a++jg==

lightningcss@1.30.1:
  version "1.30.1"
  resolved "https://registry.yarnpkg.com/lightningcss/-/lightningcss-1.30.1.tgz#78e979c2d595bfcb90d2a8c0eb632fe6c5bfed5d"
  integrity sha512-xi6IyHML+c9+Q3W0S4fCQJOym42pyurFiJUHEcEyHS0CeKzia4yZDEsLlqOFykxOdHpNy0NmvVO31vcSqAxJCg==
  dependencies:
    detect-libc "^2.0.3"
  optionalDependencies:
    lightningcss-darwin-arm64 "1.30.1"
    lightningcss-darwin-x64 "1.30.1"
    lightningcss-freebsd-x64 "1.30.1"
    lightningcss-linux-arm-gnueabihf "1.30.1"
    lightningcss-linux-arm64-gnu "1.30.1"
    lightningcss-linux-arm64-musl "1.30.1"
    lightningcss-linux-x64-gnu "1.30.1"
    lightningcss-linux-x64-musl "1.30.1"
    lightningcss-win32-arm64-msvc "1.30.1"
    lightningcss-win32-x64-msvc "1.30.1"

magic-string@^0.30.17:
  version "0.30.17"
  resolved "https://registry.yarnpkg.com/magic-string/-/magic-string-0.30.17.tgz#450a449673d2460e5bbcfba9a61916a1714c7453"
  integrity sha512-sNPKHvyjVf7gyjwS4xGTaW/mCnF8wnjtifKBEhxfZ7E/S8tQ0rssrwGNn6q8JH/ohItJfSQp9mBtQYuTlH5QnA==
  dependencies:
    "@jridgewell/sourcemap-codec" "^1.5.0"

mimic-response@^3.1.0:
  version "3.1.0"
  resolved "https://registry.yarnpkg.com/mimic-response/-/mimic-response-3.1.0.tgz#2d1d59af9c1b129815accc2c46a022a5ce1fa3c9"
  integrity sha512-z0yWI+4FDrrweS8Zmt4Ej5HdJmky15+L2e6Wgn3+iK5fWzb6T3fhNFq2+MeTRb064c6Wr4N/wv0DzQTjNzHNGQ==

minimist@^1.2.0, minimist@^1.2.3:
  version "1.2.8"
  resolved "https://registry.yarnpkg.com/minimist/-/minimist-1.2.8.tgz#c1a464e7693302e082a075cee0c057741ac4772c"
  integrity sha512-2yyAR8qBkN3YuheJanUpWC5U3bb5osDywNB8RzDVlDwDHbocAJveqqj1u8+SVD7jkWT4yvsHCpWqqWqAxb0zCA==

minipass@^7.0.4, minipass@^7.1.2:
  version "7.1.2"
  resolved "https://registry.yarnpkg.com/minipass/-/minipass-7.1.2.tgz#93a9626ce5e5e66bd4db86849e7515e92340a707"
  integrity sha512-qOOzS1cBTWYF4BH8fVePDBOO9iptMnGUEZwNc/cMWnTV2nVLZ7VoNWEPHkYczZA0pdoA7dl6e7FL659nX9S2aw==

minizlib@^3.0.1:
  version "3.0.2"
  resolved "https://registry.yarnpkg.com/minizlib/-/minizlib-3.0.2.tgz#f33d638eb279f664439aa38dc5f91607468cb574"
  integrity sha512-oG62iEk+CYt5Xj2YqI5Xi9xWUeZhDI8jjQmC5oThVH5JGCTgIjr7ciJDzC7MBzYd//WvR1OTmP5Q38Q8ShQtVA==
  dependencies:
    minipass "^7.1.2"

mkdirp-classic@^0.5.2, mkdirp-classic@^0.5.3:
  version "0.5.3"
  resolved "https://registry.yarnpkg.com/mkdirp-classic/-/mkdirp-classic-0.5.3.tgz#fa10c9115cc6d8865be221ba47ee9bed78601113"
  integrity sha512-gKLcREMhtuZRwRAfqP3RFW+TK4JqApVBtOIftVgjuABpAtpxhPGaDcfvbhNvD0B8iD1oUr/txX35NjcaY6Ns/A==

mkdirp@^3.0.1:
  version "3.0.1"
  resolved "https://registry.yarnpkg.com/mkdirp/-/mkdirp-3.0.1.tgz#e44e4c5607fb279c168241713cc6e0fea9adcb50"
  integrity sha512-+NsyUUAZDmo6YVHzL/stxSu3t9YS1iljliy3BSDrXJ/dkn1KYdmtZODGGjLcc9XLgVVpH4KshHB8XmZgMhaBXg==

napi-build-utils@^2.0.0:
  version "2.0.0"
  resolved "https://registry.yarnpkg.com/napi-build-utils/-/napi-build-utils-2.0.0.tgz#13c22c0187fcfccce1461844136372a47ddc027e"
  integrity sha512-GEbrYkbfF7MoNaoh2iGG84Mnf/WZfB0GdGEsM8wz7Expx/LlWf5U8t9nvJKXSp3qr5IsEbK04cBGhol/KwOsWA==

node-abi@^3.3.0:
  version "3.75.0"
  resolved "https://registry.yarnpkg.com/node-abi/-/node-abi-3.75.0.tgz#2f929a91a90a0d02b325c43731314802357ed764"
  integrity sha512-OhYaY5sDsIka7H7AtijtI9jwGYLyl29eQn/W623DiN/MIv5sUqc4g7BIDThX+gb7di9f6xK02nkp8sdfFWZLTg==
  dependencies:
    semver "^7.3.5"

node-addon-api@^7.0.0:
  version "7.1.1"
  resolved "https://registry.yarnpkg.com/node-addon-api/-/node-addon-api-7.1.1.tgz#1aba6693b0f255258a049d621329329322aad558"
  integrity sha512-5m3bsyrjFWE1xf7nz7YXdN4udnVtXK6/Yfgn5qnahL6bCkf2yKt4k3nuTKAtT4r3IG8JNR2ncsIMdZuAzJjHQQ==

once@^1.3.1, once@^1.4.0:
  version "1.4.0"
  resolved "https://registry.yarnpkg.com/once/-/once-1.4.0.tgz#583b1aa775961d4b113ac17d9c50baef9dd76bd1"
  integrity sha512-lNaJgI+2Q5URQBkccEKHTQOPaXdUxnZZElQTZY0MFUAuaEqe1E+Nyvgdz/aIyNi6Z9MzO5dv1H8n58/GELp3+w==
  dependencies:
    wrappy "1"

playcanvas@^2.7.4:
  version "2.7.7"
  resolved "https://registry.yarnpkg.com/playcanvas/-/playcanvas-2.7.7.tgz#f4cec39dc4286b3b85564726b3e63dda4c2cd939"
  integrity sha512-iBiBGmfhvM3/oIo+PoRhb1FvySoH30wMLgYw+urIv12S4yDAUxWKKPYHmUq6rWp8NKRDmjFI66Yjl/lGGLDk9w==
  dependencies:
    "@types/webxr" "^0.5.16"
    "@webgpu/types" "^0.1.52"
  optionalDependencies:
    canvas "3.1.0"

prebuild-install@^7.1.1:
  version "7.1.3"
  resolved "https://registry.yarnpkg.com/prebuild-install/-/prebuild-install-7.1.3.tgz#d630abad2b147443f20a212917beae68b8092eec"
  integrity sha512-8Mf2cbV7x1cXPUILADGI3wuhfqWvtiLA1iclTDbFRZkgRQS0NqsPZphna9V+HyTEadheuPmjaJMsbzKQFOzLug==
  dependencies:
    detect-libc "^2.0.0"
    expand-template "^2.0.3"
    github-from-package "0.0.0"
    minimist "^1.2.3"
    mkdirp-classic "^0.5.3"
    napi-build-utils "^2.0.0"
    node-abi "^3.3.0"
    pump "^3.0.0"
    rc "^1.2.7"
    simple-get "^4.0.0"
    tar-fs "^2.0.0"
    tunnel-agent "^0.6.0"

pump@^3.0.0:
  version "3.0.2"
  resolved "https://registry.yarnpkg.com/pump/-/pump-3.0.2.tgz#836f3edd6bc2ee599256c924ffe0d88573ddcbf8"
  integrity sha512-tUPXtzlGM8FE3P0ZL6DVs/3P58k9nk8/jZeQCurTJylQA8qFYzHFfhBJkuqyE0FifOsQ0uKWekiZ5g8wtr28cw==
  dependencies:
    end-of-stream "^1.1.0"
    once "^1.3.1"

rc@^1.2.7:
  version "1.2.8"
  resolved "https://registry.yarnpkg.com/rc/-/rc-1.2.8.tgz#cd924bf5200a075b83c188cd6b9e211b7fc0d3ed"
  integrity sha512-y3bGgqKj3QBdxLbLkomlohkvsA8gdAiUQlSBJnBhfn+BPxg4bc62d8TcBW15wavDfgexCgccckhcZvywyQYPOw==
  dependencies:
    deep-extend "^0.6.0"
    ini "~1.3.0"
    minimist "^1.2.0"
    strip-json-comments "~2.0.1"

react-dom@^19.1.0:
  version "19.1.0"
  resolved "https://registry.yarnpkg.com/react-dom/-/react-dom-19.1.0.tgz#133558deca37fa1d682708df8904b25186793623"
  integrity sha512-Xs1hdnE+DyKgeHJeJznQmYMIBG3TKIHJJT95Q58nHLSrElKlGQqDTR2HQ9fx5CN/Gk6Vh/kupBTDLU11/nDk/g==
  dependencies:
    scheduler "^0.26.0"

react@^19.1.0:
  version "19.1.0"
  resolved "https://registry.yarnpkg.com/react/-/react-19.1.0.tgz#926864b6c48da7627f004795d6cce50e90793b75"
  integrity sha512-FS+XFBNvn3GTAWq26joslQgWNoFu08F4kl0J4CgdNKADkdSGXQyTCnKteIAJy96Br6YbpEU1LSzV5dYtjMkMDg==

readable-stream@^3.1.1, readable-stream@^3.4.0:
  version "3.6.2"
  resolved "https://registry.yarnpkg.com/readable-stream/-/readable-stream-3.6.2.tgz#56a9b36ea965c00c5a93ef31eb111a0f11056967"
  integrity sha512-9u/sniCrY3D5WdsERHzHE4G2YCXqoG5FTHUiCC4SIbr6XcLZBY05ya9EKjYek9O5xOAwjGq+1JdGBAS7Q9ScoA==
  dependencies:
    inherits "^2.0.3"
    string_decoder "^1.1.1"
    util-deprecate "^1.0.1"

safe-buffer@^5.0.1, safe-buffer@~5.2.0:
  version "5.2.1"
  resolved "https://registry.yarnpkg.com/safe-buffer/-/safe-buffer-5.2.1.tgz#1eaf9fa9bdb1fdd4ec75f58f9cdb4e6b7827eec6"
  integrity sha512-rp3So07KcdmmKbGvgaNxQSJr7bGVSVk5S9Eq1F+ppbRo70+YeaDxkw5Dd8NPN+GD6bjnYm2VuPuCXmpuYvmCXQ==

scheduler@^0.26.0:
  version "0.26.0"
  resolved "https://registry.yarnpkg.com/scheduler/-/scheduler-0.26.0.tgz#4ce8a8c2a2095f13ea11bf9a445be50c555d6337"
  integrity sha512-NlHwttCI/l5gCPR3D1nNXtWABUmBwvZpEQiD4IXSbIDq8BzLIK/7Ir5gTFSGZDUu37K5cMNp0hFtzO38sC7gWA==

semver@^7.3.5:
  version "7.7.2"
  resolved "https://registry.yarnpkg.com/semver/-/semver-7.7.2.tgz#67d99fdcd35cec21e6f8b87a7fd515a33f982b58"
  integrity sha512-RF0Fw+rO5AMf9MAyaRXI4AV0Ulj5lMHqVxxdSgiVbixSCXoEmmX/jk0CuJw4+3SqroYO9VoUh+HcuJivvtJemA==

simple-concat@^1.0.0:
  version "1.0.1"
  resolved "https://registry.yarnpkg.com/simple-concat/-/simple-concat-1.0.1.tgz#f46976082ba35c2263f1c8ab5edfe26c41c9552f"
  integrity sha512-cSFtAPtRhljv69IK0hTVZQ+OfE9nePi/rtJmw5UjHeVyVroEqJXP1sFztKUy1qU+xvz3u/sfYJLa947b7nAN2Q==

simple-get@^4.0.0:
  version "4.0.1"
  resolved "https://registry.yarnpkg.com/simple-get/-/simple-get-4.0.1.tgz#4a39db549287c979d352112fa03fd99fd6bc3543"
  integrity sha512-brv7p5WgH0jmQJr1ZDDfKDOSeWWg+OVypG99A/5vYGPqJ6pxiaHLy8nxtFjBA7oMa01ebA9gfh1uMCFqOuXxvA==
  dependencies:
    decompress-response "^6.0.0"
    once "^1.3.1"
    simple-concat "^1.0.0"

source-map-js@^1.2.1:
  version "1.2.1"
  resolved "https://registry.yarnpkg.com/source-map-js/-/source-map-js-1.2.1.tgz#1ce5650fddd87abc099eda37dcff024c2667ae46"
  integrity sha512-UXWMKhLOwVKb728IUtQPXxfYU+usdybtUrK/8uGE8CQMvrhOpwvzDBwj0QhSL7MQc7vIsISBG8VQ8+IDQxpfQA==

string_decoder@^1.1.1:
  version "1.3.0"
  resolved "https://registry.yarnpkg.com/string_decoder/-/string_decoder-1.3.0.tgz#42f114594a46cf1a8e30b0a84f56c78c3edac21e"
  integrity sha512-hkRX8U1WjJFd8LsDJ2yQ/wWWxaopEsABU1XfkM8A+j0+85JAGppt16cr1Whg6KIbb4okU6Mql6BOj+uup/wKeA==
  dependencies:
    safe-buffer "~5.2.0"

strip-json-comments@~2.0.1:
  version "2.0.1"
  resolved "https://registry.yarnpkg.com/strip-json-comments/-/strip-json-comments-2.0.1.tgz#3c531942e908c2697c0ec344858c286c7ca0a60a"
  integrity sha512-4gB8na07fecVVkOI6Rs4e7T6NOTki5EmL7TUduTs6bu3EdnSycntVJ4re8kgZA+wx9IueI2Y11bfbgwtzuE0KQ==

tailwindcss@4.1.7, tailwindcss@^4.0.6:
  version "4.1.7"
  resolved "https://registry.yarnpkg.com/tailwindcss/-/tailwindcss-4.1.7.tgz#949f76d50667946ddd7291e0c7a4b5a7dfc9e765"
  integrity sha512-kr1o/ErIdNhTz8uzAYL7TpaUuzKIE6QPQ4qmSdxnoX/lo+5wmUHQA6h3L5yIqEImSRnAAURDirLu/BgiXGPAhg==

tapable@^2.2.0:
  version "2.2.2"
  resolved "https://registry.yarnpkg.com/tapable/-/tapable-2.2.2.tgz#ab4984340d30cb9989a490032f086dbb8b56d872"
  integrity sha512-Re10+NauLTMCudc7T5WLFLAwDhQ0JWdrMK+9B2M8zR5hRExKmsRDCBA7/aV/pNJFltmBFO5BAMlQFi/vq3nKOg==

tar-fs@^2.0.0:
  version "2.1.3"
  resolved "https://registry.yarnpkg.com/tar-fs/-/tar-fs-2.1.3.tgz#fb3b8843a26b6f13a08e606f7922875eb1fbbf92"
  integrity sha512-090nwYJDmlhwFwEW3QQl+vaNnxsO2yVsd45eTKRBzSzu+hlb1w2K9inVq5b0ngXuLVqQ4ApvsUHHnu/zQNkWAg==
  dependencies:
    chownr "^1.1.1"
    mkdirp-classic "^0.5.2"
    pump "^3.0.0"
    tar-stream "^2.1.4"

tar-stream@^2.1.4:
  version "2.2.0"
  resolved "https://registry.yarnpkg.com/tar-stream/-/tar-stream-2.2.0.tgz#acad84c284136b060dc3faa64474aa9aebd77287"
  integrity sha512-ujeqbceABgwMZxEJnk2HDY2DlnUZ+9oEcb1KzTVfYHio0UE6dG71n60d8D2I4qNvleWrrXpmjpt7vZeF1LnMZQ==
  dependencies:
    bl "^4.0.3"
    end-of-stream "^1.4.1"
    fs-constants "^1.0.0"
    inherits "^2.0.3"
    readable-stream "^3.1.1"

tar@^7.4.3:
  version "7.4.3"
  resolved "https://registry.yarnpkg.com/tar/-/tar-7.4.3.tgz#88bbe9286a3fcd900e94592cda7a22b192e80571"
  integrity sha512-5S7Va8hKfV7W5U6g3aYxXmlPoZVAwUMy9AOKyF2fVuZa2UD3qZjg578OrLRt8PcNN1PleVaL/5/yYATNL0ICUw==
  dependencies:
    "@isaacs/fs-minipass" "^4.0.0"
    chownr "^3.0.0"
    minipass "^7.1.2"
    minizlib "^3.0.1"
    mkdirp "^3.0.1"
    yallist "^5.0.0"

tslib@^2.4.0, tslib@^2.8.0:
  version "2.8.1"
  resolved "https://registry.yarnpkg.com/tslib/-/tslib-2.8.1.tgz#612efe4ed235d567e8aba5f2a5fab70280ade83f"
  integrity sha512-oJFu94HQb+KVduSUQL7wnpmqnfmLsOA/nAh6b6EH0wCEoK0/mPeXU6c3wKDV83MkOuHPRHtSXKKU99IBazS/2w==

tunnel-agent@^0.6.0:
  version "0.6.0"
  resolved "https://registry.yarnpkg.com/tunnel-agent/-/tunnel-agent-0.6.0.tgz#27a5dea06b36b04a0a9966774b290868f0fc40fd"
  integrity sha512-McnNiV1l8RYeY8tBgEpuodCC1mLUdbSN+CYBL7kJsJNInOP8UjDDEwdk6Mw60vdLLrr5NHKZhMAOSrR2NZuQ+w==
  dependencies:
    safe-buffer "^5.0.1"

typescript@^5.7.2:
  version "5.8.3"
  resolved "https://registry.yarnpkg.com/typescript/-/typescript-5.8.3.tgz#92f8a3e5e3cf497356f4178c34cd65a7f5e8440e"
  integrity sha512-p1diW6TqL9L07nNxvRMM7hMMw4c5XOo/1ibL4aAIGmSAt9slTE1Xgw5KWuof2uTOvCg9BY7ZRi+GaF+7sfgPeQ==

util-deprecate@^1.0.1:
  version "1.0.2"
  resolved "https://registry.yarnpkg.com/util-deprecate/-/util-deprecate-1.0.2.tgz#450d4dc9fa70de732762fbd2d4a28981419a0ccf"
  integrity sha512-EPD5q1uXyFxJpCrLnCc1nHnq3gOa6DZBocAIiI2TaSCA7VCJ1UJDMagCzIkXNsUYfD1daK//LTEQ8xiIbrHtcw==

wrappy@1:
  version "1.0.2"
  resolved "https://registry.yarnpkg.com/wrappy/-/wrappy-1.0.2.tgz#b5243d8f3ec1aa35f1364605bc0d1036e30ab69f"
  integrity sha512-l4Sp/DRseor9wL6EvV2+TuQn63dMkPjZ/sp9XkghTEbV9KlPS1xUsZ3u7/IQO4wxtcFB4bgpQPRcR3QCvezPcQ==

yallist@^5.0.0:
  version "5.0.0"
  resolved "https://registry.yarnpkg.com/yallist/-/yallist-5.0.0.tgz#00e2de443639ed0d78fd87de0d27469fbcffb533"
  integrity sha512-YgvUTfwqyc7UXVMrB+SImsVYSmTS8X/tSrtdNZMImM+n7+QTriRXyXim0mBrTXNeqzVF0KWGgHPeiyViFFrNDw==
